
Microsoft Visual Studio Solution File, Format Version 12.00
# Visual Studio Version 17
VisualStudioVersion = 17.5.33516.290
MinimumVisualStudioVersion = 10.0.40219.1
Project("{FAE04EC0-301F-11D3-BF4B-00C04F79EFBC}") = "Stagiu", "Stagiu.csproj", "{30923405-57AD-4CDB-89A8-4EB838D3D5F8}"
EndProject
Project("{FAE04EC0-301F-11D3-BF4B-00C04F79EFBC}") = "Stagiu.Business", "..\Stagiu.Business\Stagiu.Business.csproj", "{B7113375-2C29-4701-BFD8-6D5693AC2130}"
EndProject
Project("{FAE04EC0-301F-11D3-BF4B-00C04F79EFBC}") = "Stagiu.Data", "..\Stagiu.Data\Stagiu.Data.csproj", "{0AC60126-064E-46AB-AC04-8F95989A1FE7}"
EndProject
Global
	GlobalSection(SolutionConfigurationPlatforms) = preSolution
		Debug|Any CPU = Debug|Any CPU
		Release|Any CPU = Release|Any CPU
	EndGlobalSection
	GlobalSection(ProjectConfigurationPlatforms) = postSolution
		{30923405-57AD-4CDB-89A8-4EB838D3D5F8}.Debug|Any CPU.ActiveCfg = Debug|Any CPU
		{30923405-57AD-4CDB-89A8-4EB838D3D5F8}.Debug|Any CPU.Build.0 = Debug|Any CPU
		{30923405-57AD-4CDB-89A8-4EB838D3D5F8}.Release|Any CPU.ActiveCfg = Release|Any CPU
		{30923405-57AD-4CDB-89A8-4EB838D3D5F8}.Release|Any CPU.Build.0 = Release|Any CPU
		{B7113375-2C29-4701-BFD8-6D5693AC2130}.Debug|Any CPU.ActiveCfg = Debug|Any CPU
		{B7113375-2C29-4701-BFD8-6D5693AC2130}.Debug|Any CPU.Build.0 = Debug|Any CPU
		{B7113375-2C29-4701-BFD8-6D5693AC2130}.Release|Any CPU.ActiveCfg = Release|Any CPU
		{B7113375-2C29-4701-BFD8-6D5693AC2130}.Release|Any CPU.Build.0 = Release|Any CPU
		{0AC60126-064E-46AB-AC04-8F95989A1FE7}.Debug|Any CPU.ActiveCfg = Debug|Any CPU
		{0AC60126-064E-46AB-AC04-8F95989A1FE7}.Debug|Any CPU.Build.0 = Debug|Any CPU
		{0AC60126-064E-46AB-AC04-8F95989A1FE7}.Release|Any CPU.ActiveCfg = Release|Any CPU
		{0AC60126-064E-46AB-AC04-8F95989A1FE7}.Release|Any CPU.Build.0 = Release|Any CPU
	EndGlobalSection
	GlobalSection(SolutionProperties) = preSolution
		HideSolutionNode = FALSE
	EndGlobalSection
	GlobalSection(ExtensibilityGlobals) = postSolution
		SolutionGuid = {CBC08E9F-1734-48B0-849E-FDD379FE3041}
	EndGlobalSection
EndGlobal
